Microsoft Visual Studio Solution File, Format Version 11.00
# Visual Studio 2010
Project("{48B23B52-5345-89ED-9244-365B1CEC7A51}") = "racing", "racing.vcxproj", "{E6BB1A0A-A247-6E46-3E7E-C59C9D736122}"
EndProject
Global
	GlobalSection(SolutionConfigurationPlatforms) = preSolution
		Debug|Win32 = Debug|Win32
		Release|Win32 = Release|Win32
	EndGlobalSection
	GlobalSection(ProjectConfigurationPlatforms) = postSolution
		{E6BB1A0A-A247-6E46-3E7E-C59C9D736122}.Debug|Win32.ActiveCfg = Debug|Win32
		{E6BB1A0A-A247-6E46-3E7E-C59C9D736122}.Debug|Win32.Build.0 = Debug|Win32
		{E6BB1A0A-A247-6E46-3E7E-C59C9D736122}.Release|Win32.ActiveCfg = Release|Win32
		{E6BB1A0A-A247-6E46-3E7E-C59C9D736122}.Release|Win32.Build.0 = Release|Win32
	EndGlobalSection
	GlobalSection(SolutionProperties) = preSolution
		HideSolutionNode = FALSE
	EndGlobalSection
EndGlobal
